DEPENDENCIES
  delayed_evaluator
    git: https://github.com/chrisroberts/cookbook-delayed_evaluator.git
    revision: cb6d4da6900a8de9ea5b4031b68e3bfa765873aa
  rightscale_volume
    path: .
    metadata: true
  test-rightscale_volume
    path: test/cookbooks/test-rightscale_volume

GRAPH
  build-essential (8.0.0)
    mingw (>= 1.1)
    seven_zip (>= 0.0.0)
  delayed_evaluator (0.2.0)
  mingw (2.0.0)
    seven_zip (>= 0.0.0)
  ohai (5.0.0)
  rightscale_volume (2.0.1)
    build-essential (>= 0.0.0)
  seven_zip (2.0.2)
    windows (>= 1.2.2)
  test-rightscale_volume (0.0.0)
    rightscale_volume (>= 0.0.0)
  windows (3.0.1)
    ohai (>= 4.0.0)
