DEPENDENCIES
  delayed_evaluator
    git: https://github.com/chrisroberts/cookbook-delayed_evaluator.git
    revision: cb6d4da6900a8de9ea5b4031b68e3bfa765873aa
  marker
    git: https://github.com/rightscale-cookbooks/marker.git
    revision: e2540433d0f8937ac4fd2a1f8e6d1fa6ee398073
  rightscale_volume
    path: .
    metadata: true
  test-rightscale_volume
    path: test/cookbooks/test-rightscale_volume

GRAPH
  build-essential (7.0.3)
    compat_resource (>= 12.16.3)
    mingw (>= 1.1)
    seven_zip (>= 0.0.0)
  compat_resource (12.16.3)
  delayed_evaluator (0.2.0)
  marker (1.0.1)
  mingw (1.2.4)
    compat_resource (>= 0.0.0)
    seven_zip (>= 0.0.0)
  ohai (4.2.3)
    compat_resource (>= 12.14.7)
  rightscale_volume (2.0.0)
    build-essential (>= 0.0.0)
  seven_zip (2.0.2)
    windows (>= 1.2.2)
  test-rightscale_volume (0.0.0)
    marker (>= 0.0.0)
    rightscale_volume (>= 0.0.0)
  windows (2.1.1)
    ohai (>= 4.0.0)
